// !$*UTF8*$!
{
	archiveVersion = 1;
	classes = {
	};
	objectVersion = 50;
	objects = {

/* Begin PBXBuildFile section */
		671C247826B6C3940033903F /* AppDelegate.swift in Sources */ = {isa = PBXBuildFile; fileRef = 671C247726B6C3940033903F /* AppDelegate.swift */; };
		671C247A26B6C3940033903F /* SceneDelegate.swift in Sources */ = {isa = PBXBuildFile; fileRef = 671C247926B6C3940033903F /* SceneDelegate.swift */; };
		671C247C26B6C3940033903F /* ViewController.swift in Sources */ = {isa = PBXBuildFile; fileRef = 671C247B26B6C3940033903F /* ViewController.swift */; };
		671C247F26B6C3940033903F /* Main.storyboard in Resources */ = {isa = PBXBuildFile; fileRef = 671C247D26B6C3940033903F /* Main.storyboard */; };
		671C248126B6C3960033903F /* Assets.xcassets in Resources */ = {isa = PBXBuildFile; fileRef = 671C248026B6C3960033903F /* Assets.xcassets */; };
		671C248426B6C3960033903F /* LaunchScreen.storyboard in Resources */ = {isa = PBXBuildFile; fileRef = 671C248226B6C3960033903F /* LaunchScreen.storyboard */; };
		671C248F26B6C3970033903F /* StatisticatorTests.swift in Sources */ = {isa = PBXBuildFile; fileRef = 671C248E26B6C3970033903F /* StatisticatorTests.swift */; };
		671C249A26B6C3970033903F /* StatisticatorUITests.swift in Sources */ = {isa = PBXBuildFile; fileRef = 671C249926B6C3970033903F /* StatisticatorUITests.swift */; };
/* End PBXBuildFile section */

/* Begin PBXContainerItemProxy section */
		671C248B26B6C3970033903F /* PBXContainerItemProxy */ = {
			isa = PBXContainerItemProxy;
			containerPortal = 671C246C26B6C3940033903F /* Project object */;
			proxyType = 1;
			remoteGlobalIDString = 671C247326B6C3940033903F;
			remoteInfo = Statisticator;
		};
		671C249626B6C3970033903F /* PBXContainerItemProxy */ = {
			isa = PBXContainerItemProxy;
			containerPortal = 671C246C26B6C3940033903F /* Project object */;
			proxyType = 1;
			remoteGlobalIDString = 671C247326B6C3940033903F;
			remoteInfo = Statisticator;
		};
/* End PBXContainerItemProxy section */

/* Begin PBXFileReference section */
		671C247426B6C3940033903F /* Statisticator.app */ = {isa = PBXFileReference; explicitFileType = wrapper.application; includeInIndex = 0; path = Statisticator.app; sourceTree = BUILT_PRODUCTS_DIR; };
		671C247726B6C3940033903F /* AppDelegate.swift */ = {isa = PBXFileReference; lastKnownFileType = sourcecode.swift; path = AppDelegate.swift; sourceTree = "<group>"; };
		671C247926B6C3940033903F /* SceneDelegate.swift */ = {isa = PBXFileReference; lastKnownFileType = sourcecode.swift; path = SceneDelegate.swift; sourceTree = "<group>"; };
		671C247B26B6C3940033903F /* ViewController.swift */ = {isa = PBXFileReference; lastKnownFileType = sourcecode.swift; path = ViewController.swift; sourceTree = "<group>"; };
		671C247E26B6C3940033903F /* Base */ = {isa = PBXFileReference; lastKnownFileType = file.storyboard; name = Base; path = Base.lproj/Main.storyboard; sourceTree = "<group>"; };
		671C248026B6C3960033903F /* Assets.xcassets */ = {isa = PBXFileReference; lastKnownFileType = folder.assetcatalog; path = Assets.xcassets; sourceTree = "<group>"; };
		671C248326B6C3960033903F /* Base */ = {isa = PBXFileReference; lastKnownFileType = file.storyboard; name = Base; path = Base.lproj/LaunchScreen.storyboard; sourceTree = "<group>"; };
		671C248526B6C3960033903F /* Info.plist */ = {isa = PBXFileReference; lastKnownFileType = text.plist.xml; path = Info.plist; sourceTree = "<group>"; };
		671C248A26B6C3970033903F /* StatisticatorTests.xctest */ = {isa = PBXFileReference; explicitFileType = wrapper.cfbundle; includeInIndex = 0; path = StatisticatorTests.xctest; sourceTree = BUILT_PRODUCTS_DIR; };
		671C248E26B6C3970033903F /* StatisticatorTests.swift */ = {isa = PBXFileReference; lastKnownFileType = sourcecode.swift; path = StatisticatorTests.swift; sourceTree = "<group>"; };
		671C249026B6C3970033903F /* Info.plist */ = {isa = PBXFileReference; lastKnownFileType = text.plist.xml; path = Info.plist; sourceTree = "<group>"; };
		671C249526B6C3970033903F /* StatisticatorUITests.xctest */ = {isa = PBXFileReference; explicitFileType = wrapper.cfbundle; includeInIndex = 0; path = StatisticatorUITests.xctest; sourceTree = BUILT_PRODUCTS_DIR; };
		671C249926B6C3970033903F /* StatisticatorUITests.swift */ = {isa = PBXFileReference; lastKnownFileType = sourcecode.swift; path = StatisticatorUITests.swift; sourceTree = "<group>"; };
		671C249B26B6C3970033903F /* Info.plist */ = {isa = PBXFileReference; lastKnownFileType = text.plist.xml; path = Info.plist; sourceTree = "<group>"; };
/* End PBXFileReference section */

/* Begin PBXFrameworksBuildPhase section */
		671C247126B6C3940033903F /* Frameworks */ = {
			isa = PBXFrameworksBuildPhase;
			buildActionMask = 2147483647;
			files = (
			);
			runOnlyForDeploymentPostprocessing = 0;
		};
		671C248726B6C3970033903F /* Frameworks */ = {
			isa = PBXFrameworksBuildPhase;
			buildActionMask = 2147483647;
			files = (
			);
			runOnlyForDeploymentPostprocessing = 0;
		};
		671C249226B6C3970033903F /* Frameworks */ = {
			isa = PBXFrameworksBuildPhase;
			buildActionMask = 2147483647;
			files = (
			);
			runOnlyForDeploymentPostprocessing = 0;
		};
/* End PBXFrameworksBuildPhase section */

/* Begin PBXGroup section */
		671C246B26B6C3940033903F = {
			isa = PBXGroup;
			children = (
				671C247626B6C3940033903F /* Statisticator */,
				671C248D26B6C3970033903F /* StatisticatorTests */,
				671C249826B6C3970033903F /* StatisticatorUITests */,
				671C247526B6C3940033903F /* Products */,
			);
			sourceTree = "<group>";
		};
		671C247526B6C3940033903F /* Products */ = {
			isa = PBXGroup;
			children = (
				671C247426B6C3940033903F /* Statisticator.app */,
				671C248A26B6C3970033903F /* StatisticatorTests.xctest */,
				671C249526B6C3970033903F /* StatisticatorUITests.xctest */,
			);
			name = Products;
			sourceTree = "<group>";
		};
		671C247626B6C3940033903F /* Statisticator */ = {
			isa = PBXGroup;
			children = (
				671C247726B6C3940033903F /* AppDelegate.swift */,
				671C247926B6C3940033903F /* SceneDelegate.swift */,
				671C247B26B6C3940033903F /* ViewController.swift */,
				671C247D26B6C3940033903F /* Main.storyboard */,
				671C248026B6C3960033903F /* Assets.xcassets */,
				671C248226B6C3960033903F /* LaunchScreen.storyboard */,
				671C248526B6C3960033903F /* Info.plist */,
			);
			path = Statisticator;
			sourceTree = "<group>";
		};
		671C248D26B6C3970033903F /* StatisticatorTests */ = {
			isa = PBXGroup;
			children = (
				671C248E26B6C3970033903F /* StatisticatorTests.swift */,
				671C249026B6C3970033903F /* Info.plist */,
			);
			path = StatisticatorTests;
			sourceTree = "<group>";
		};
		671C249826B6C3970033903F /* StatisticatorUITests */ = {
			isa = PBXGroup;
			children = (
				671C249926B6C3970033903F /* StatisticatorUITests.swift */,
				671C249B26B6C3970033903F /* Info.plist */,
			);
			path = StatisticatorUITests;
			sourceTree = "<group>";
		};
/* End PBXGroup section */

/* Begin PBXNativeTarget section */
		671C247326B6C3940033903F /* Statisticator */ = {
			isa = PBXNativeTarget;
			buildConfigurationList = 671C249E26B6C3970033903F /* Build configuration list for PBXNativeTarget "Statisticator" */;
			buildPhases = (
				67ED5E6F26BB342E00E8D3FC /* SwiftGen */,
				671C247026B6C3940033903F /* Sources */,
				671C247126B6C3940033903F /* Frameworks */,
				671C247226B6C3940033903F /* Resources */,
				671C24D426BB287C0033903F /* SwiftLint */,
			);
			buildRules = (
			);
			dependencies = (
			);
			name = Statisticator;
			productName = Statisticator;
			productReference = 671C247426B6C3940033903F /* Statisticator.app */;
			productType = "com.apple.product-type.application";
		};
		671C248926B6C3970033903F /* StatisticatorTests */ = {
			isa = PBXNativeTarget;
			buildConfigurationList = 671C24A126B6C3970033903F /* Build configuration list for PBXNativeTarget "StatisticatorTests" */;
			buildPhases = (
				671C248626B6C3970033903F /* Sources */,
				671C248726B6C3970033903F /* Frameworks */,
				671C248826B6C3970033903F /* Resources */,
			);
			buildRules = (
			);
			dependencies = (
				671C248C26B6C3970033903F /* PBXTargetDependency */,
			);
			name = StatisticatorTests;
			productName = StatisticatorTests;
			productReference = 671C248A26B6C3970033903F /* StatisticatorTests.xctest */;
			productType = "com.apple.product-type.bundle.unit-test";
		};
		671C249426B6C3970033903F /* StatisticatorUITests */ = {
			isa = PBXNativeTarget;
			buildConfigurationList = 671C24A426B6C3970033903F /* Build configuration list for PBXNativeTarget "StatisticatorUITests" */;
			buildPhases = (
				671C249126B6C3970033903F /* Sources */,
				671C249226B6C3970033903F /* Frameworks */,
				671C249326B6C3970033903F /* Resources */,
			);
			buildRules = (
			);
			dependencies = (
				671C249726B6C3970033903F /* PBXTargetDependency */,
			);
			name = StatisticatorUITests;
			productName = StatisticatorUITests;
			productReference = 671C249526B6C3970033903F /* StatisticatorUITests.xctest */;
			productType = "com.apple.product-type.bundle.ui-testing";
		};
/* End PBXNativeTarget section */

/* Begin PBXProject section */
		671C246C26B6C3940033903F /* Project object */ = {
			isa = PBXProject;
			attributes = {
				LastSwiftUpdateCheck = 1250;
				LastUpgradeCheck = 1250;
				TargetAttributes = {
					671C247326B6C3940033903F = {
						CreatedOnToolsVersion = 12.5.1;
					};
					671C248926B6C3970033903F = {
						CreatedOnToolsVersion = 12.5.1;
						TestTargetID = 671C247326B6C3940033903F;
					};
					671C249426B6C3970033903F = {
						CreatedOnToolsVersion = 12.5.1;
						TestTargetID = 671C247326B6C3940033903F;
					};
				};
			};
			buildConfigurationList = 671C246F26B6C3940033903F /* Build configuration list for PBXProject "Statisticator" */;
			compatibilityVersion = "Xcode 9.3";
			developmentRegion = en;
			hasScannedForEncodings = 0;
			knownRegions = (
				en,
				Base,
			);
			mainGroup = 671C246B26B6C3940033903F;
			productRefGroup = 671C247526B6C3940033903F /* Products */;
			projectDirPath = "";
			projectRoot = "";
			targets = (
				671C247326B6C3940033903F /* Statisticator */,
				671C248926B6C3970033903F /* StatisticatorTests */,
				671C249426B6C3970033903F /* StatisticatorUITests */,
			);
		};
/* End PBXProject section */

/* Begin PBXResourcesBuildPhase section */
		671C247226B6C3940033903F /* Resources */ = {
			isa = PBXResourcesBuildPhase;
			buildActionMask = 2147483647;
			files = (
				671C248426B6C3960033903F /* LaunchScreen.storyboard in Resources */,
				671C248126B6C3960033903F /* Assets.xcassets in Resources */,
				671C247F26B6C3940033903F /* Main.storyboard in Resources */,
			);
			runOnlyForDeploymentPostprocessing = 0;
		};
		671C248826B6C3970033903F /* Resources */ = {
			isa = PBXResourcesBuildPhase;
			buildActionMask = 2147483647;
			files = (
			);
			runOnlyForDeploymentPostprocessing = 0;
		};
		671C249326B6C3970033903F /* Resources */ = {
			isa = PBXResourcesBuildPhase;
			buildActionMask = 2147483647;
			files = (
			);
			runOnlyForDeploymentPostprocessing = 0;
		};
/* End PBXResourcesBuildPhase section */

/* Begin PBXShellScriptBuildPhase section */
		671C24D426BB287C0033903F /* SwiftLint */ = {
			isa = PBXShellScriptBuildPhase;
			buildActionMask = 2147483647;
			files = (
			);
			inputFileListPaths = (
			);
			inputPaths = (
			);
			name = SwiftLint;
			outputFileListPaths = (
			);
			outputPaths = (
			);
			runOnlyForDeploymentPostprocessing = 0;
			shellPath = /bin/sh;
			shellScript = "if which swiftlint >/dev/null; then\n  swiftlint\nelse\n  echo \"warning: SwiftLint not installed, download from https://github.com/realm/SwiftLint\"\nfi\n";
		};
		67ED5E6F26BB342E00E8D3FC /* SwiftGen */ = {
			isa = PBXShellScriptBuildPhase;
			buildActionMask = 2147483647;
			files = (
			);
			inputFileListPaths = (
			);
			inputPaths = (
			);
			name = SwiftGen;
			outputFileListPaths = (
			);
			outputPaths = (
			);
			runOnlyForDeploymentPostprocessing = 0;
			shellPath = /bin/sh;
			shellScript = "swiftgen\n";
		};
/* End PBXShellScriptBuildPhase section */

/* Begin PBXSourcesBuildPhase section */
		671C247026B6C3940033903F /* Sources */ = {
			isa = PBXSourcesBuildPhase;
			buildActionMask = 2147483647;
			files = (
				671C247C26B6C3940033903F /* ViewController.swift in Sources */,
				671C247826B6C3940033903F /* AppDelegate.swift in Sources */,
				671C247A26B6C3940033903F /* SceneDelegate.swift in Sources */,
			);
			runOnlyForDeploymentPostprocessing = 0;
		};
		671C248626B6C3970033903F /* Sources */ = {
			isa = PBXSourcesBuildPhase;
			buildActionMask = 2147483647;
			files = (
				671C248F26B6C3970033903F /* StatisticatorTests.swift in Sources */,
			);
			runOnlyForDeploymentPostprocessing = 0;
		};
		671C249126B6C3970033903F /* Sources */ = {
			isa = PBXSourcesBuildPhase;
			buildActionMask = 2147483647;
			files = (
				671C249A26B6C3970033903F /* StatisticatorUITests.swift in Sources */,
			);
			runOnlyForDeploymentPostprocessing = 0;
		};
/* End PBXSourcesBuildPhase section */

/* Begin PBXTargetDependency section */
		671C248C26B6C3970033903F /* PBXTargetDependency */ = {
			isa = PBXTargetDependency;
			target = 671C247326B6C3940033903F /* Statisticator */;
			targetProxy = 671C248B26B6C3970033903F /* PBXContainerItemProxy */;
		};
		671C249726B6C3970033903F /* PBXTargetDependency */ = {
			isa = PBXTargetDependency;
			target = 671C247326B6C3940033903F /* Statisticator */;
			targetProxy = 671C249626B6C3970033903F /* PBXContainerItemProxy */;
		};
/* End PBXTargetDependency section */

/* Begin PBXVariantGroup section */
		671C247D26B6C3940033903F /* Main.storyboard */ = {
			isa = PBXVariantGroup;
			children = (
				671C247E26B6C3940033903F /* Base */,
			);
			name = Main.storyboard;
			sourceTree = "<group>";
		};
		671C248226B6C3960033903F /* LaunchScreen.storyboard */ = {
			isa = PBXVariantGroup;
			children = (
				671C248326B6C3960033903F /* Base */,
			);
			name = LaunchScreen.storyboard;
			sourceTree = "<group>";
		};
/* End PBXVariantGroup section */

/* Begin XCBuildConfiguration section */
		671C249C26B6C3970033903F /* Debug */ = {
			isa = XCBuildConfiguration;
			buildSettings = {
				ALWAYS_SEARCH_USER_PATHS = NO;
				CLANG_ANALYZER_NONNULL = YES;
				CLANG_ANALYZER_NUMBER_OBJECT_CONVERSION = YES_AGGRESSIVE;
				CLANG_CXX_LANGUAGE_STANDARD = "gnu++14";
				CLANG_CXX_LIBRARY = "libc++";
				CLANG_ENABLE_MODULES = YES;
				CLANG_ENABLE_OBJC_ARC = YES;
				CLANG_ENABLE_OBJC_WEAK = YES;
				CLANG_WARN_BLOCK_CAPTURE_AUTORELEASING = YES;
				CLANG_WARN_BOOL_CONVERSION = YES;
				CLANG_WARN_COMMA = YES;
				CLANG_WARN_CONSTANT_CONVERSION = YES;
				CLANG_WARN_DEPRECATED_OBJC_IMPLEMENTATIONS = YES;
				CLANG_WARN_DIRECT_OBJC_ISA_USAGE = YES_ERROR;
				CLANG_WARN_DOCUMENTATION_COMMENTS = YES;
				CLANG_WARN_EMPTY_BODY = YES;
				CLANG_WARN_ENUM_CONVERSION = YES;
				CLANG_WARN_INFINITE_RECURSION = YES;
				CLANG_WARN_INT_CONVERSION = YES;
				CLANG_WARN_NON_LITERAL_NULL_CONVERSION = YES;
				CLANG_WARN_OBJC_IMPLICIT_RETAIN_SELF = YES;
				CLANG_WARN_OBJC_LITERAL_CONVERSION = YES;
				CLANG_WARN_OBJC_ROOT_CLASS = YES_ERROR;
				CLANG_WARN_QUOTED_INCLUDE_IN_FRAMEWORK_HEADER = YES;
				CLANG_WARN_RANGE_LOOP_ANALYSIS = YES;
				CLANG_WARN_STRICT_PROTOTYPES = YES;
				CLANG_WARN_SUSPICIOUS_MOVE = YES;
				CLANG_WARN_UNGUARDED_AVAILABILITY = YES_AGGRESSIVE;
				CLANG_WARN_UNREACHABLE_CODE = YES;
				CLANG_WARN__DUPLICATE_METHOD_MATCH = YES;
				COPY_PHASE_STRIP = NO;
				DEBUG_INFORMATION_FORMAT = dwarf;
				ENABLE_STRICT_OBJC_MSGSEND = YES;
				ENABLE_TESTABILITY = YES;
				GCC_C_LANGUAGE_STANDARD = gnu11;
				GCC_DYNAMIC_NO_PIC = NO;
				GCC_NO_COMMON_BLOCKS = YES;
				GCC_OPTIMIZATION_LEVEL = 0;
				GCC_PREPROCESSOR_DEFINITIONS = (
					"DEBUG=1",
					"$(inherited)",
				);
				GCC_WARN_64_TO_32_BIT_CONVERSION = YES;
				GCC_WARN_ABOUT_RETURN_TYPE = YES_ERROR;
				GCC_WARN_UNDECLARED_SELECTOR = YES;
				GCC_WARN_UNINITIALIZED_AUTOS = YES_AGGRESSIVE;
				GCC_WARN_UNUSED_FUNCTION = YES;
				GCC_WARN_UNUSED_VARIABLE = YES;
				IPHONEOS_DEPLOYMENT_TARGET = 13.0;
				MTL_ENABLE_DEBUG_INFO = INCLUDE_SOURCE;
				MTL_FAST_MATH = YES;
				ONLY_ACTIVE_ARCH = YES;
				SDKROOT = iphoneos;
				SWIFT_ACTIVE_COMPILATION_CONDITIONS = DEBUG;
				SWIFT_OPTIMIZATION_LEVEL = "-Onone";
			};
			name = Debug;
		};
		671C249D26B6C3970033903F /* Release */ = {
			isa = XCBuildConfiguration;
			buildSettings = {
				ALWAYS_SEARCH_USER_PATHS = NO;
				CLANG_ANALYZER_NONNULL = YES;
				CLANG_ANALYZER_NUMBER_OBJECT_CONVERSION = YES_AGGRESSIVE;
				CLANG_CXX_LANGUAGE_STANDARD = "gnu++14";
				CLANG_CXX_LIBRARY = "libc++";
				CLANG_ENABLE_MODULES = YES;
				CLANG_ENABLE_OBJC_ARC = YES;
				CLANG_ENABLE_OBJC_WEAK = YES;
				CLANG_WARN_BLOCK_CAPTURE_AUTORELEASING = YES;
				CLANG_WARN_BOOL_CONVERSION = YES;
				CLANG_WARN_COMMA = YES;
				CLANG_WARN_CONSTANT_CONVERSION = YES;
				CLANG_WARN_DEPRECATED_OBJC_IMPLEMENTATIONS = YES;
				CLANG_WARN_DIRECT_OBJC_ISA_USAGE = YES_ERROR;
				CLANG_WARN_DOCUMENTATION_COMMENTS = YES;
				CLANG_WARN_EMPTY_BODY = YES;
				CLANG_WARN_ENUM_CONVERSION = YES;
				CLANG_WARN_INFINITE_RECURSION = YES;
				CLANG_WARN_INT_CONVERSION = YES;
				CLANG_WARN_NON_LITERAL_NULL_CONVERSION = YES;
				CLANG_WARN_OBJC_IMPLICIT_RETAIN_SELF = YES;
				CLANG_WARN_OBJC_LITERAL_CONVERSION = YES;
				CLANG_WARN_OBJC_ROOT_CLASS = YES_ERROR;
				CLANG_WARN_QUOTED_INCLUDE_IN_FRAMEWORK_HEADER = YES;
				CLANG_WARN_RANGE_LOOP_ANALYSIS = YES;
				CLANG_WARN_STRICT_PROTOTYPES = YES;
				CLANG_WARN_SUSPICIOUS_MOVE = YES;
				CLANG_WARN_UNGUARDED_AVAILABILITY = YES_AGGRESSIVE;
				CLANG_WARN_UNREACHABLE_CODE = YES;
				CLANG_WARN__DUPLICATE_METHOD_MATCH = YES;
				COPY_PHASE_STRIP = NO;
				DEBUG_INFORMATION_FORMAT = "dwarf-with-dsym";
				ENABLE_NS_ASSERTIONS = NO;
				ENABLE_STRICT_OBJC_MSGSEND = YES;
				GCC_C_LANGUAGE_STANDARD = gnu11;
				GCC_NO_COMMON_BLOCKS = YES;
				GCC_WARN_64_TO_32_BIT_CONVERSION = YES;
				GCC_WARN_ABOUT_RETURN_TYPE = YES_ERROR;
				GCC_WARN_UNDECLARED_SELECTOR = YES;
				GCC_WARN_UNINITIALIZED_AUTOS = YES_AGGRESSIVE;
				GCC_WARN_UNUSED_FUNCTION = YES;
				GCC_WARN_UNUSED_VARIABLE = YES;
				IPHONEOS_DEPLOYMENT_TARGET = 13.0;
				MTL_ENABLE_DEBUG_INFO = NO;
				MTL_FAST_MATH = YES;
				SDKROOT = iphoneos;
				SWIFT_COMPILATION_MODE = wholemodule;
				SWIFT_OPTIMIZATION_LEVEL = "-O";
				VALIDATE_PRODUCT = YES;
			};
			name = Release;
		};
		671C249F26B6C3970033903F /* Debug */ = {
			isa = XCBuildConfiguration;
			buildSettings = {
				ASSETCATALOG_COMPILER_APPICON_NAME = AppIcon;
				ASSETCATALOG_COMPILER_GLOBAL_ACCENT_COLOR_NAME = AccentColor;
				CODE_SIGN_STYLE = Automatic;
				INFOPLIST_FILE = Statisticator/Info.plist;
				LD_RUNPATH_SEARCH_PATHS = (
					"$(inherited)",
					"@executable_path/Frameworks",
				);
				PRODUCT_BUNDLE_IDENTIFIER = com.sspirit.Statisticator;
				PRODUCT_NAME = "$(TARGET_NAME)";
				SWIFT_VERSION = 5.0;
				TARGETED_DEVICE_FAMILY = "1,2";
			};
			name = Debug;
		};
		671C24A026B6C3970033903F /* Release */ = {
			isa = XCBuildConfiguration;
			buildSettings = {
				ASSETCATALOG_COMPILER_APPICON_NAME = AppIcon;
				ASSETCATALOG_COMPILER_GLOBAL_ACCENT_COLOR_NAME = AccentColor;
				CODE_SIGN_STYLE = Automatic;
				INFOPLIST_FILE = Statisticator/Info.plist;
				LD_RUNPATH_SEARCH_PATHS = (
					"$(inherited)",
					"@executable_path/Frameworks",
				);
				PRODUCT_BUNDLE_IDENTIFIER = com.sspirit.Statisticator;
				PRODUCT_NAME = "$(TARGET_NAME)";
				SWIFT_VERSION = 5.0;
				TARGETED_DEVICE_FAMILY = "1,2";
			};
			name = Release;
		};
		671C24A226B6C3970033903F /* Debug */ = {
			isa = XCBuildConfiguration;
			buildSettings = {
				ALWAYS_EMBED_SWIFT_STANDARD_LIBRARIES = YES;
				BUNDLE_LOADER = "$(TEST_HOST)";
				CODE_SIGN_STYLE = Automatic;
				INFOPLIST_FILE = StatisticatorTests/Info.plist;
				IPHONEOS_DEPLOYMENT_TARGET = 14.5;
				LD_RUNPATH_SEARCH_PATHS = (
					"$(inherited)",
					"@executable_path/Frameworks",
					"@loader_path/Frameworks",
				);
				PRODUCT_BUNDLE_IDENTIFIER = com.sspirit.StatisticatorTests;
				PRODUCT_NAME = "$(TARGET_NAME)";
				SWIFT_VERSION = 5.0;
				TARGETED_DEVICE_FAMILY = "1,2";
				TEST_HOST = "$(BUILT_PRODUCTS_DIR)/Statisticator.app/Statisticator";
			};
			name = Debug;
		};
		671C24A326B6C3970033903F /* Release */ = {
			isa = XCBuildConfiguration;
			buildSettings = {
				ALWAYS_EMBED_SWIFT_STANDARD_LIBRARIES = YES;
				BUNDLE_LOADER = "$(TEST_HOST)";
				CODE_SIGN_STYLE = Automatic;
				INFOPLIST_FILE = StatisticatorTests/Info.plist;
				IPHONEOS_DEPLOYMENT_TARGET = 14.5;
				LD_RUNPATH_SEARCH_PATHS = (
					"$(inherited)",
					"@executable_path/Frameworks",
					"@loader_path/Frameworks",
				);
				PRODUCT_BUNDLE_IDENTIFIER = com.sspirit.StatisticatorTests;
				PRODUCT_NAME = "$(TARGET_NAME)";
				SWIFT_VERSION = 5.0;
				TARGETED_DEVICE_FAMILY = "1,2";
				TEST_HOST = "$(BUILT_PRODUCTS_DIR)/Statisticator.app/Statisticator";
			};
			name = Release;
		};
		671C24A526B6C3970033903F /* Debug */ = {
			isa = XCBuildConfiguration;
			buildSettings = {
				ALWAYS_EMBED_SWIFT_STANDARD_LIBRARIES = YES;
				CODE_SIGN_STYLE = Automatic;
				INFOPLIST_FILE = StatisticatorUITests/Info.plist;
				LD_RUNPATH_SEARCH_PATHS = (
					"$(inherited)",
					"@executable_path/Frameworks",
					"@loader_path/Frameworks",
				);
				PRODUCT_BUNDLE_IDENTIFIER = com.sspirit.StatisticatorUITests;
				PRODUCT_NAME = "$(TARGET_NAME)";
				SWIFT_VERSION = 5.0;
				TARGETED_DEVICE_FAMILY = "1,2";
				TEST_TARGET_NAME = Statisticator;
			};
			name = Debug;
		};
		671C24A626B6C3970033903F /* Release */ = {
			isa = XCBuildConfiguration;
			buildSettings = {
				ALWAYS_EMBED_SWIFT_STANDARD_LIBRARIES = YES;
				CODE_SIGN_STYLE = Automatic;
				INFOPLIST_FILE = StatisticatorUITests/Info.plist;
				LD_RUNPATH_SEARCH_PATHS = (
					"$(inherited)",
					"@executable_path/Frameworks",
					"@loader_path/Frameworks",
				);
				PRODUCT_BUNDLE_IDENTIFIER = com.sspirit.StatisticatorUITests;
				PRODUCT_NAME = "$(TARGET_NAME)";
				SWIFT_VERSION = 5.0;
				TARGETED_DEVICE_FAMILY = "1,2";
				TEST_TARGET_NAME = Statisticator;
			};
			name = Release;
		};
/* End XCBuildConfiguration section */

/* Begin XCConfigurationList section */
		671C246F26B6C3940033903F /* Build configuration list for PBXProject "Statisticator" */ = {
			isa = XCConfigurationList;
			buildConfigurations = (
				671C249C26B6C3970033903F /* Debug */,
				671C249D26B6C3970033903F /* Release */,
			);
			defaultConfigurationIsVisible = 0;
			defaultConfigurationName = Release;
		};
		671C249E26B6C3970033903F /* Build configuration list for PBXNativeTarget "Statisticator" */ = {
			isa = XCConfigurationList;
			buildConfigurations = (
				671C249F26B6C3970033903F /* Debug */,
				671C24A026B6C3970033903F /* Release */,
			);
			defaultConfigurationIsVisible = 0;
			defaultConfigurationName = Release;
		};
		671C24A126B6C3970033903F /* Build configuration list for PBXNativeTarget "StatisticatorTests" */ = {
			isa = XCConfigurationList;
			buildConfigurations = (
				671C24A226B6C3970033903F /* Debug */,
				671C24A326B6C3970033903F /* Release */,
			);
			defaultConfigurationIsVisible = 0;
			defaultConfigurationName = Release;
		};
		671C24A426B6C3970033903F /* Build configuration list for PBXNativeTarget "StatisticatorUITests" */ = {
			isa = XCConfigurationList;
			buildConfigurations = (
				671C24A526B6C3970033903F /* Debug */,
				671C24A626B6C3970033903F /* Release */,
			);
			defaultConfigurationIsVisible = 0;
			defaultConfigurationName = Release;
		};
/* End XCConfigurationList section */
	};
	rootObject = 671C246C26B6C3940033903F /* Project object */;
}
